Microsoft Visual Studio Solution File, Format Version 12.00
# Visual Studio Version 18
VisualStudioVersion = 18.3.11408.92 d18.3
MinimumVisualStudioVersion = 10.0.40219.1
Project("{2150E333-8FDC-42A3-9474-1A3956D46DE8}") = "Backend", "Backend", "{1AE8ACA6-933B-BF2A-3671-3E2EAC007D16}"
EndProject
Project("{FAE04EC0-301F-11D3-BF4B-00C04F79EFBC}") = "TodoApi", "Backend\TodoApi\TodoApi.csproj", "{4D3E50CA-1077-1A43-050E-9F6234325D05}"
EndProject
Project("{FAE04EC0-301F-11D3-BF4B-00C04F79EFBC}") = "TodoAppWebUi", "TodoAppWebUi\TodoAppWebUi.csproj", "{D4048BCB-637F-4476-8998-A3104DFD827A}"
EndProject
Project("{FAE04EC0-301F-11D3-BF4B-00C04F79EFBC}") = "Domain", "Domain\Domain.csproj", "{B514FE88-4F0B-4ED9-A599-E43B16F8E5A7}"
EndProject
Project("{FAE04EC0-301F-11D3-BF4B-00C04F79EFBC}") = "Application", "Application\Application.csproj", "{BE8ED975-9A7F-4D93-992A-73B12BCD7367}"
EndProject
Project("{FAE04EC0-301F-11D3-BF4B-00C04F79EFBC}") = "Infrastructure.Postgres", "Infrastructure\Infrastructure.Postgres.csproj", "{555B5FE7-02AA-459D-A7B8-56E134C3BBFA}"
EndProject
Project("{FAE04EC0-301F-11D3-BF4B-00C04F79EFBC}") = "Common", "Common\Common.csproj", "{60AB1567-8420-4A92-89A9-7554240466A9}"
EndProject
Project("{2150E333-8FDC-42A3-9474-1A3956D46DE8}") = "Backend.Infrastructure", "Backend.Infrastructure", "{7E28D5F9-C1E9-409A-875E-D3B769C2E4A5}"
EndProject
Project("{2150E333-8FDC-42A3-9474-1A3956D46DE8}") = "Presentation", "Presentation", "{2CA018FD-9A99-4EBB-A639-E9927EA8F04D}"
EndProject
Project("{FAE04EC0-301F-11D3-BF4B-00C04F79EFBC}") = "Api", "Api\Api.csproj", "{7819CFF9-B35E-4A40-BF33-6EC3FB809A79}"
EndProject
Global
	GlobalSection(SolutionConfigurationPlatforms) = preSolution
		Debug|Any CPU = Debug|Any CPU
		Release|Any CPU = Release|Any CPU
	EndGlobalSection
	GlobalSection(ProjectConfigurationPlatforms) = postSolution
		{4D3E50CA-1077-1A43-050E-9F6234325D05}.Debug|Any CPU.ActiveCfg = Debug|Any CPU
		{4D3E50CA-1077-1A43-050E-9F6234325D05}.Debug|Any CPU.Build.0 = Debug|Any CPU
		{4D3E50CA-1077-1A43-050E-9F6234325D05}.Release|Any CPU.ActiveCfg = Release|Any CPU
		{4D3E50CA-1077-1A43-050E-9F6234325D05}.Release|Any CPU.Build.0 = Release|Any CPU
		{D4048BCB-637F-4476-8998-A3104DFD827A}.Debug|Any CPU.ActiveCfg = Debug|Any CPU
		{D4048BCB-637F-4476-8998-A3104DFD827A}.Debug|Any CPU.Build.0 = Debug|Any CPU
		{D4048BCB-637F-4476-8998-A3104DFD827A}.Release|Any CPU.ActiveCfg = Release|Any CPU
		{D4048BCB-637F-4476-8998-A3104DFD827A}.Release|Any CPU.Build.0 = Release|Any CPU
		{B514FE88-4F0B-4ED9-A599-E43B16F8E5A7}.Debug|Any CPU.ActiveCfg = Debug|Any CPU
		{B514FE88-4F0B-4ED9-A599-E43B16F8E5A7}.Debug|Any CPU.Build.0 = Debug|Any CPU
		{B514FE88-4F0B-4ED9-A599-E43B16F8E5A7}.Release|Any CPU.ActiveCfg = Release|Any CPU
		{B514FE88-4F0B-4ED9-A599-E43B16F8E5A7}.Release|Any CPU.Build.0 = Release|Any CPU
		{BE8ED975-9A7F-4D93-992A-73B12BCD7367}.Debug|Any CPU.ActiveCfg = Debug|Any CPU
		{BE8ED975-9A7F-4D93-992A-73B12BCD7367}.Debug|Any CPU.Build.0 = Debug|Any CPU
		{BE8ED975-9A7F-4D93-992A-73B12BCD7367}.Release|Any CPU.ActiveCfg = Release|Any CPU
		{BE8ED975-9A7F-4D93-992A-73B12BCD7367}.Release|Any CPU.Build.0 = Release|Any CPU
		{555B5FE7-02AA-459D-A7B8-56E134C3BBFA}.Debug|Any CPU.ActiveCfg = Debug|Any CPU
		{555B5FE7-02AA-459D-A7B8-56E134C3BBFA}.Debug|Any CPU.Build.0 = Debug|Any CPU
		{555B5FE7-02AA-459D-A7B8-56E134C3BBFA}.Release|Any CPU.ActiveCfg = Release|Any CPU
		{555B5FE7-02AA-459D-A7B8-56E134C3BBFA}.Release|Any CPU.Build.0 = Release|Any CPU
		{60AB1567-8420-4A92-89A9-7554240466A9}.Debug|Any CPU.ActiveCfg = Debug|Any CPU
		{60AB1567-8420-4A92-89A9-7554240466A9}.Debug|Any CPU.Build.0 = Debug|Any CPU
		{60AB1567-8420-4A92-89A9-7554240466A9}.Release|Any CPU.ActiveCfg = Release|Any CPU
		{60AB1567-8420-4A92-89A9-7554240466A9}.Release|Any CPU.Build.0 = Release|Any CPU
		{7819CFF9-B35E-4A40-BF33-6EC3FB809A79}.Debug|Any CPU.ActiveCfg = Debug|Any CPU
		{7819CFF9-B35E-4A40-BF33-6EC3FB809A79}.Debug|Any CPU.Build.0 = Debug|Any CPU
		{7819CFF9-B35E-4A40-BF33-6EC3FB809A79}.Release|Any CPU.ActiveCfg = Release|Any CPU
		{7819CFF9-B35E-4A40-BF33-6EC3FB809A79}.Release|Any CPU.Build.0 = Release|Any CPU
	EndGlobalSection
	GlobalSection(SolutionProperties) = preSolution
		HideSolutionNode = FALSE
	EndGlobalSection
	GlobalSection(NestedProjects) = preSolution
		{4D3E50CA-1077-1A43-050E-9F6234325D05} = {1AE8ACA6-933B-BF2A-3671-3E2EAC007D16}
		{D4048BCB-637F-4476-8998-A3104DFD827A} = {1AE8ACA6-933B-BF2A-3671-3E2EAC007D16}
		{B514FE88-4F0B-4ED9-A599-E43B16F8E5A7} = {1AE8ACA6-933B-BF2A-3671-3E2EAC007D16}
		{BE8ED975-9A7F-4D93-992A-73B12BCD7367} = {1AE8ACA6-933B-BF2A-3671-3E2EAC007D16}
		{555B5FE7-02AA-459D-A7B8-56E134C3BBFA} = {7E28D5F9-C1E9-409A-875E-D3B769C2E4A5}
		{60AB1567-8420-4A92-89A9-7554240466A9} = {1AE8ACA6-933B-BF2A-3671-3E2EAC007D16}
		{7E28D5F9-C1E9-409A-875E-D3B769C2E4A5} = {1AE8ACA6-933B-BF2A-3671-3E2EAC007D16}
		{2CA018FD-9A99-4EBB-A639-E9927EA8F04D} = {1AE8ACA6-933B-BF2A-3671-3E2EAC007D16}
		{7819CFF9-B35E-4A40-BF33-6EC3FB809A79} = {2CA018FD-9A99-4EBB-A639-E9927EA8F04D}
	EndGlobalSection
	GlobalSection(ExtensibilityGlobals) = postSolution
		SolutionGuid = {DE66A04F-9B28-4173-8072-805A6009F411}
	EndGlobalSection
EndGlobal
